{
  "version": 4,
  "terraform_version": "1.1.4",
  "serial": 26,
  "lineage": "247a1195-7fec-d552-ad03-59b12b32cd72",
  "outputs": {},
  "resources": [
    {
      "mode": "data",
      "type": "cloudflare_api_token_permission_groups",
      "name": "all",
      "provider": "provider[\"registry.terraform.io/cloudflare/cloudflare\"]",
      "instances": [
        {
          "schema_version": 0,
          "attributes": {
            "id": "9d2b95c1aae319efd167360c2b80c66d",
            "permissions": {
              "API Tokens Read": "0cc3a61731504c89b99ec1be78b77aa0",
              "API Tokens Write": "686d18d5ac6c441c867cbf6771e58a0a",
              "Access: Apps and Policies Read": "eb258a38ea634c86a0c89da6b27cb6b6",
              "Access: Apps and Policies Revoke": "6c9d1cfcfc6840a987d1b5bfb880a841",
              "Access: Apps and Policies Write": "959972745952452f8be2452be8cbb9f2",
              "Access: Audit Logs Read": "b05b28e839c54467a7d6cba5d3abb5a3",
              "Access: Certificates Read": "4f3196a5c95747b6ad82e34e1d0a694f",
              "Access: Certificates Write": "29d3afbfd4054af9accdd1118815ed05",
              "Access: Device Posture Read": "0f4841f80adb4bada5a09493300e7f8d",
              "Access: Device Posture Write": "2fc1072ee6b743828db668fcb3f9dee7",
              "Access: Organizations, Identity Providers, and Groups Read": "26bc23f853634eb4bff59983b9064fde",
              "Access: Organizations, Identity Providers, and Groups Revoke": "7121a0c7e9ed46e3829f9cca2bb572aa",
              "Access: Organizations, Identity Providers, and Groups Write": "bfe0d8686a584fa680f4c53b5eb0de6d",
              "Access: Service Tokens Read": "91f7ce32fa614d73b7e1fc8f0e78582b",
              "Access: Service Tokens Write": "a1c0fec57cf94af79479a6d827fa518c",
              "Account Analytics Read": "b89a480218d04ceb98b4fe57ca29dc1f",
              "Account Firewall Access Rules Read": "de7a688cc47d43bd9ea700b467a09c96",
              "Account Firewall Access Rules Write": "a416acf9ef5a4af19fb11ed3b96b1fe6",
              "Account Rule Lists Read": "4f1071168de8466e9808de86febfc516",
              "Account Rule Lists Write": "2edbf20661fd4661b0fe10e9e12f485c",
              "Account Rulesets Read": "fb39996ee9044d2a8725921e02744b39",
              "Account Rulesets Write": "56907406c3d548ed902070ec4df0e328",
              "Account Settings Read": "c1fde68c7bcc44588cbb6ddbc16d6480",
              "Account Settings Write": "1af1fa2adc104452b74a9a3364202f20",
              "Account WAF Read": "56b2af4817c84ad99187911dc3986c23",
              "Account WAF Write": "cde8c82463b6414ca06e46b9633f52a6",
              "Analytics Read": "9c88f9c5bce24ce7af9a958ba9c504db",
              "Apps Write": "094547ab6e77498c8c4dfa87fadd5c51",
              "Argo Tunnel Read": "efea2ab8357b47888938f101ae5e053f",
              "Argo Tunnel Write": "c07321b023e944ff818fec44d8203567",
              "Billing Read": "7cf72faf220841aabcfdfab81c43c4f6",
              "Billing Write": "6c80e02421494afc9ae14414ed442632",
              "Bot Management Read": "07bea2220b2343fa9fae15656c0d8e88",
              "Bot Management Write": "3b94c49258ec4573b06d51d99b6416c0",
              "Cache Purge": "e17beae8b8cb423a99b1730f21238bed",
              "DDoS Protection Read": "af1c363c35ba45b9a8c682ae50eb3f99",
              "DDoS Protection Write": "d44ed14bcc4340b194d3824d60edad3f",
              "DNS Firewall Read": "5f48a472240a4b489a21d43bd19a06e1",
              "DNS Firewall Write": "da6d2d6f2ec8442eaadda60d13f42bca",
              "DNS Read": "82e64a83756745bbbb1c9c2701bf816b",
              "DNS Write": "4755a26eedb94da69e1066d98aa820be",
              "Firewall Services Read": "4ec32dfcb35641c5bb32d5ef1ab963b4",
              "Firewall Services Write": "43137f8d07884d3198dc0ee77ca6e79b",
              "HTTP DDoS Managed Ruleset Read": "c49f8d15f9f44885a544d945ef5aa6ae",
              "HTTP DDoS Managed Ruleset Write": "b88a3aa889474524bccea5cf18f122bf",
              "Health Checks Read": "fac65912d42144aa86b7dd33281bf79e",
              "Health Checks Write": "e0dc25a0fbdf4286b1ea100e3256b0e3",
              "IP Prefixes: BGP On Demand Read": "e763fae6ee95443b8f56f19213c5f2a5",
              "IP Prefixes: BGP On Demand Write": "2ae23e4939d54074b7d252d27ce75a77",
              "IP Prefixes: Read": "27beb7f8333b41e2b946f0e23cd8091e",
              "IP Prefixes: Write": "92b8234e99f64e05bbbc59e1dc0f76b6",
              "Images Read": "0cf6473ad41449e7b7b743d14fc20c60",
              "Images Write": "618ec6c64a3a42f8b08bdcb147ded4e4",
              "L4 DDoS Managed Ruleset Read": "4657621393f94f83b8ef94adba382e48",
              "L4 DDoS Managed Ruleset Write": "7a4c3574054a4d0ba7c692893ba8bdd4",
              "Load Balancers Read": "e9a975f628014f1d85b723993116f7d5",
              "Load Balancers Write": "6d7f2f5f5b1d4a0e9081fdc98d432fd1",
              "Load Balancing: Monitors and Pools Read": "9d24387c6e8544e2bc4024a03991339f",
              "Load Balancing: Monitors and Pools Write": "d2a1802cc9a34e30852f8b33869b2f3c",
              "Logs Read": "c4a30cd58c5d42619c86a3c36c441e2d",
              "Logs Write": "3e0b5820118e47f3922f7c989e673882",
              "Magic Firewall Packet Captures - Read PCAPs API": "3a46c728a0a040d5a65cd8e2f3bc6935",
              "Magic Firewall Packet Captures - Write PCAPs API": "4ea7d6421801452dbf07cef853a5ef39",
              "Magic Firewall Read": "02b71f12bb0748e9af8126494e181342",
              "Magic Firewall Write": "8bd1dac84d3d43e7bfb43145f010a15c",
              "Magic Transit Prefix Read": "967ecf860a244dd1911a0331a0af582a",
              "Magic Transit Prefix Write": "0bc09a3cd4b54605990df4e307f138e1",
              "Managed headers Read": "319f5059d33a410da0fac4d35a716157",
              "Managed headers Write": "0fd9d56bc2da43ad8ea22d610dd8cab1",
              "Mass URL Redirects Read": "429a068902904c5a9ed9fc267c67da9a",
              "Mass URL Redirects Write": "abe78e2276664f4db588c1f675a77486",
              "Memberships Read": "3518d0f75557482e952c6762d3e64903",
              "Memberships Write": "9201bc6f42d440968aaab0c6f17ebb1d",
              "Page Rules Read": "b415b70a4fd1412886f164451f20405c",
              "Page Rules Write": "ed07f6c337da4195b4e72a1fb2c6bcae",
              "Rule Policies Read": "58abbad6d2ce40abb2594fbe932a2e0e",
              "Rule Policies Write": "61ddc58f1da14f95b33b41213360cbeb",
              "SSL and Certificates Read": "7b7216b327b04b8fbc8f524e1f9b7531",
              "SSL and Certificates Write": "c03055bc037c4ea9afb9a9f104b7b721",
              "Sanitize Read": "853643ed57244ed1a05a7c024af9ab5a",
              "Sanitize Write": "89bb8c37d46042e98b84560eaaa6379f",
              "Select Configuration Read": "595409c54a24444b80a495620b2d614c",
              "Select Configuration Write": "235eac9bb64942b49cb805cc851cb000",
              "Stream Read": "de21485a24744b76a004aa153898f7fe",
              "Stream Write": "714f9c13a5684c2885a793f5edb36f59",
              "Teams Read": "3f376c8e6f764a938b848bd01c8995c4",
              "Teams Report": "efb81b5cd37d49f3be1da9363a6d7a19",
              "Teams Write": "b33f02c6f7284e05a6f20741c0bb0567",
              "Transform Rules Read": "a9a99455bf3245f6a5a244f909d74830",
              "Transform Rules Write": "ae16e88bc7814753a1894c7ce187ab72",
              "User Details Read": "8acbe5bb0d54464ab867149d7f7cf8ac",
              "User Details Write": "55a5e17cc99e4a3fa1f3432d262f2e55",
              "Waiting Rooms Read": "cab5202d07ef47beae788e6bc95cb6fe",
              "Waiting Rooms Write": "24fc124dc8254e0db468e60bf410c800",
              "Web3 Hostnames Read": "8e31f574901c42e8ad89140b28d42112",
              "Web3 Hostnames Write": "5ea6da42edb34811a78d1b007557c0ca",
              "Workers KV Storage Read": "8b47d2786a534c08a1f94ee8f9f599ef",
              "Workers KV Storage Write": "f7f0eda5697f475c90846e879bab8666",
              "Workers R2 Storage Read": "b4992e1108244f5d8bfbd5744320c2e1",
              "Workers R2 Storage Write": "bf7481a1826f439697cb59a20b22293e",
              "Workers Routes Read": "2072033d694d415a936eaeb94e6405b8",
              "Workers Routes Write": "28f4b596e7d643029c524985477ae49a",
              "Workers Scripts Read": "1a71c399035b4950a1bd1466bbe4f420",
              "Workers Scripts Write": "e086da7e2179491d91ee5f35b3ca210a",
              "Workers Tail Read": "05880cd1bdc24d8bae0be2136972816b",
              "Zone Read": "c8fed203ed3043cba015a93ad1616f1f",
              "Zone Settings Read": "517b21aee92c4d89936c976ba6e4be55",
              "Zone Settings Write": "3030687196b94b638145a3953da2b699",
              "Zone Transform Rules Read": "211a4c0feb3e43b3a2d41f1443a433e7",
              "Zone Transform Rules Write": "0ac90a90249747bca6b047d97f0803e9",
              "Zone WAF Read": "dbc512b354774852af2b5a5f4ba3d470",
              "Zone WAF Write": "fb6778dc191143babbfaa57993f1d275",
              "Zone Write": "e6d2666161e84845a636613608cee8d5"
            }
          },
          "sensitive_attributes": []
        }
      ]
    },
    {
      "mode": "data",
      "type": "cloudflare_zone",
      "name": "mein_nl",
      "provider": "provider[\"registry.terraform.io/cloudflare/cloudflare\"]",
      "instances": [
        {
          "schema_version": 0,
          "attributes": {
            "account_id": "bade361765d704ba91e29296a025e4e3",
            "id": "f2dbeb2dca3e055df71df866b8188ce7",
            "name": "mein.nl",
            "name_servers": [
              "jacqueline.ns.cloudflare.com",
              "keanu.ns.cloudflare.com"
            ],
            "paused": false,
            "plan": "Free Website",
            "status": "active",
            "vanity_name_servers": [],
            "zone_id": "f2dbeb2dca3e055df71df866b8188ce7"
          },
          "sensitive_attributes": []
        }
      ]
    },
    {
      "mode": "data",
      "type": "http",
      "name": "public_ipv4",
      "provider": "provider[\"registry.terraform.io/hashicorp/http\"]",
      "instances": [
        {
          "schema_version": 0,
          "attributes": {
            "body": "213.34.1.38\n",
            "id": "https://ipv4.icanhazip.com",
            "request_headers": null,
            "response_headers": {
              "Access-Control-Allow-Methods": "GET",
              "Access-Control-Allow-Origin": "*",
              "Alt-Svc": "h3=\":443\"; ma=86400, h3-29=\":443\"; ma=86400",
              "Cf-Ray": "6d69531e2f6f5989-AMS",
              "Content-Length": "12",
              "Content-Type": "text/plain",
              "Date": "Tue, 01 Feb 2022 07:04:16 GMT",
              "Expect-Ct": "max-age=604800, report-uri=\"https://report-uri.cloudflare.com/cdn-cgi/beacon/expect-ct\"",
              "Server": "cloudflare",
              "Set-Cookie": "__cf_bm=knleZ2GV3FanMKudN1BrNC2dwxGagNm74nqXocwcGM0-1643699056-0-Ad8dvZlo2W71Lqqryuk0RGDRiOumum+lHq2KMCDqa6X7Qg0IphXvkUaJo6pjBwBuIZGUCpRD6P7Ye3+30LbfoAc=; path=/; expires=Tue, 01-Feb-22 07:34:16 GMT; domain=.icanhazip.com; HttpOnly; Secure; SameSite=None",
              "Vary": "Accept-Encoding"
            },
            "url": "https://ipv4.icanhazip.com"
          },
          "sensitive_attributes": []
        }
      ]
    },
    {
      "mode": "managed",
      "type": "b2_bucket",
      "name": "backup",
      "provider": "provider[\"registry.terraform.io/backblaze/b2\"]",
      "instances": [
        {
          "schema_version": 0,
          "attributes": {
            "account_id": "42ed5f32e413",
            "bucket_id": "a462aefd15efb3027ee40113",
            "bucket_info": {},
            "bucket_name": "infratron-homelab",
            "bucket_type": "allPrivate",
            "cors_rules": [],
            "default_server_side_encryption": [
              {
                "algorithm": "",
                "mode": "none"
              }
            ],
            "file_lock_configuration": [
              {
                "default_retention": [],
                "is_file_lock_enabled": false
              }
            ],
            "id": "a462aefd15efb3027ee40113",
            "lifecycle_rules": [],
            "options": [
              "s3"
            ],
            "revision": 2
          },
          "sensitive_attributes": [],
          "private": "bnVsbA=="
        }
      ]
    },
    {
      "mode": "managed",
      "type": "cloudflare_api_token",
      "name": "cert_manager",
      "provider": "provider[\"registry.terraform.io/cloudflare/cloudflare\"]",
      "instances": [
        {
          "schema_version": 0,
          "attributes": {
            "condition": [
              {
                "request_ip": [
                  {
                    "in": [
                      "213.34.1.38/32"
                    ],
                    "not_in": []
                  }
                ]
              }
            ],
            "id": "774665d78721200897b10501ea37272d",
            "issued_on": "2022-01-31T12:31:46Z",
            "modified_on": "2022-01-31T12:31:46Z",
            "name": "homelab_cert_manager",
            "policy": [
              {
                "effect": "allow",
                "permission_groups": [
                  "c8fed203ed3043cba015a93ad1616f1f",
                  "4755a26eedb94da69e1066d98aa820be"
                ],
                "resources": {
                  "com.cloudflare.api.account.zone.*": "*"
                }
              }
            ],
            "status": "active",
            "value": "hKSWqAXuQitglD4rpxyoUGh-A-ojZzFJdBLv2C76"
          },
          "sensitive_attributes": [],
          "private": "bnVsbA==",
          "dependencies": [
            "data.cloudflare_api_token_permission_groups.all",
            "data.http.public_ipv4"
          ]
        }
      ]
    },
    {
      "mode": "managed",
      "type": "cloudflare_api_token",
      "name": "external_dns",
      "provider": "provider[\"registry.terraform.io/cloudflare/cloudflare\"]",
      "instances": [
        {
          "schema_version": 0,
          "attributes": {
            "condition": [
              {
                "request_ip": [
                  {
                    "in": [
                      "213.34.1.38/32"
                    ],
                    "not_in": []
                  }
                ]
              }
            ],
            "id": "0f8e9cd48e207b7b607ad2151041412c",
            "issued_on": "2022-01-31T12:31:46Z",
            "modified_on": "2022-01-31T12:31:46Z",
            "name": "homelab_external_dns",
            "policy": [
              {
                "effect": "allow",
                "permission_groups": [
                  "c8fed203ed3043cba015a93ad1616f1f",
                  "4755a26eedb94da69e1066d98aa820be"
                ],
                "resources": {
                  "com.cloudflare.api.account.zone.*": "*"
                }
              }
            ],
            "status": "active",
            "value": "n7pog40deazFcF4ymKZ53z1M4fAICHuVoqZF2cgX"
          },
          "sensitive_attributes": [],
          "private": "bnVsbA==",
          "dependencies": [
            "data.cloudflare_api_token_permission_groups.all",
            "data.http.public_ipv4"
          ]
        }
      ]
    },
    {
      "mode": "managed",
      "type": "cloudflare_argo_tunnel",
      "name": "jupiter",
      "provider": "provider[\"registry.terraform.io/cloudflare/cloudflare\"]",
      "instances": [
        {
          "schema_version": 0,
          "attributes": {
            "account_id": "bade361765d704ba91e29296a025e4e3",
            "cname": "36249edb-7b99-4d73-aab1-5468d91726c3.cfargotunnel.com",
            "id": "36249edb-7b99-4d73-aab1-5468d91726c3",
            "name": "jk",
            "secret": "dnZjRlRVbWkyU1VreEZESk02ZEtkcDl1NW9DWmZNSzRYeERubkJPSkdGOTZoazhwZW9iT3dpaUx4Y1d5T3AyQQ=="
          },
          "sensitive_attributes": [
            [
              {
                "type": "get_attr",
                "value": "secret"
              }
            ]
          ],
          "private": "bnVsbA==",
          "dependencies": [
            "random_password.tunnel_secret"
          ]
        }
      ]
    },
    {
      "mode": "managed",
      "type": "cloudflare_record",
      "name": "tunnel",
      "provider": "provider[\"registry.terraform.io/cloudflare/cloudflare\"]",
      "instances": [
        {
          "schema_version": 2,
          "attributes": {
            "allow_overwrite": false,
            "created_on": "2022-02-01T07:04:31.210652Z",
            "data": [],
            "hostname": "jupiter-tunnel.mein.nl",
            "id": "f25c8d59ecd89d45c77938ecd244c8db",
            "metadata": {
              "auto_added": "false",
              "managed_by_apps": "false",
              "managed_by_argo_tunnel": "false",
              "source": "primary"
            },
            "modified_on": "2022-02-01T07:04:31.210652Z",
            "name": "jupiter-tunnel",
            "priority": null,
            "proxiable": true,
            "proxied": false,
            "timeouts": null,
            "ttl": 1,
            "type": "CNAME",
            "value": "36249edb-7b99-4d73-aab1-5468d91726c3.cfargotunnel.com",
            "zone_id": "f2dbeb2dca3e055df71df866b8188ce7"
          },
          "sensitive_attributes": [],
          "private": "eyJlMmJmYjczMC1lY2FhLTExZTYtOGY4OC0zNDM2M2JjN2M0YzAiOnsiY3JlYXRlIjozMDAwMDAwMDAwMCwidXBkYXRlIjozMDAwMDAwMDAwMH0sInNjaGVtYV92ZXJzaW9uIjoiMiJ9",
          "dependencies": [
            "cloudflare_argo_tunnel.jupiter",
            "data.cloudflare_zone.mein_nl",
            "random_password.tunnel_secret"
          ]
        }
      ]
    },
    {
      "mode": "managed",
      "type": "kubernetes_secret",
      "name": "backblaze_credentials",
      "provider": "provider[\"registry.terraform.io/hashicorp/kubernetes\"]",
      "instances": [
        {
          "schema_version": 0,
          "attributes": {
            "binary_data": null,
            "data": {
              "application-key": "K0002cDkc6JsqdrrA+Z8H4KuApP3m9w",
              "application-key-id": "00042ed5f32e4130000000002",
              "repo-password": "rATN4QEZjlNeXoj65ywc9aI1MxO9zqg7ZYaM5Tr9fWiB3y8KpnMpae9guS5zZtOZ"
            },
            "id": "k8up-operator/backblaze-credentials",
            "immutable": false,
            "metadata": [
              {
                "annotations": {},
                "generate_name": "",
                "generation": 0,
                "labels": {},
                "name": "backblaze-credentials",
                "namespace": "k8up-operator",
                "resource_version": "1703",
                "uid": "4529a4d6-a259-49ee-ab8d-c14ac45c2ef8"
              }
            ],
            "type": "Opaque"
          },
          "sensitive_attributes": [
            [
              {
                "type": "get_attr",
                "value": "data"
              },
              {
                "type": "index",
                "value": {
                  "value": "application-key",
                  "type": "string"
                }
              }
            ],
            [
              {
                "type": "get_attr",
                "value": "data"
              },
              {
                "type": "index",
                "value": {
                  "value": "repo-password",
                  "type": "string"
                }
              }
            ]
          ],
          "private": "bnVsbA==",
          "dependencies": [
            "random_password.backup_repo_password"
          ]
        }
      ]
    },
    {
      "mode": "managed",
      "type": "kubernetes_secret",
      "name": "cert_manager_token",
      "provider": "provider[\"registry.terraform.io/hashicorp/kubernetes\"]",
      "instances": [
        {
          "schema_version": 0,
          "attributes": {
            "binary_data": null,
            "data": {
              "api-token": "hKSWqAXuQitglD4rpxyoUGh-A-ojZzFJdBLv2C76"
            },
            "id": "cert-manager/cloudflare-api-token",
            "immutable": false,
            "metadata": [
              {
                "annotations": {},
                "generate_name": "",
                "generation": 0,
                "labels": {},
                "name": "cloudflare-api-token",
                "namespace": "cert-manager",
                "resource_version": "1705",
                "uid": "9a1c49f1-abdc-4d45-a893-bc68674fb601"
              }
            ],
            "type": "Opaque"
          },
          "sensitive_attributes": [
            [
              {
                "type": "get_attr",
                "value": "data"
              },
              {
                "type": "index",
                "value": {
                  "value": "api-token",
                  "type": "string"
                }
              }
            ]
          ],
          "private": "bnVsbA==",
          "dependencies": [
            "cloudflare_api_token.cert_manager",
            "data.cloudflare_api_token_permission_groups.all",
            "data.http.public_ipv4"
          ]
        }
      ]
    },
    {
      "mode": "managed",
      "type": "kubernetes_secret",
      "name": "cloudflared_credentials",
      "provider": "provider[\"registry.terraform.io/hashicorp/kubernetes\"]",
      "instances": [
        {
          "schema_version": 0,
          "attributes": {
            "binary_data": null,
            "data": {
              "credentials.json": "{\"AccountTag\":\"bade361765d704ba91e29296a025e4e3\",\"TunnelID\":\"36249edb-7b99-4d73-aab1-5468d91726c3\",\"TunnelName\":\"jk\",\"TunnelSecret\":\"dnZjRlRVbWkyU1VreEZESk02ZEtkcDl1NW9DWmZNSzRYeERubkJPSkdGOTZoazhwZW9iT3dpaUx4Y1d5T3AyQQ==\"}"
            },
            "id": "cloudflared/cloudflared-credentials",
            "immutable": false,
            "metadata": [
              {
                "annotations": {},
                "generate_name": "",
                "generation": 0,
                "labels": {},
                "name": "cloudflared-credentials",
                "namespace": "cloudflared",
                "resource_version": "631465",
                "uid": "ee7d19f7-93fb-4b04-8f22-deb02fc6edb4"
              }
            ],
            "type": "Opaque"
          },
          "sensitive_attributes": [
            [
              {
                "type": "get_attr",
                "value": "data"
              },
              {
                "type": "index",
                "value": {
                  "value": "credentials.json",
                  "type": "string"
                }
              }
            ]
          ],
          "private": "bnVsbA==",
          "dependencies": [
            "cloudflare_argo_tunnel.jupiter",
            "random_password.tunnel_secret"
          ]
        }
      ]
    },
    {
      "mode": "managed",
      "type": "kubernetes_secret",
      "name": "external_dns_token",
      "provider": "provider[\"registry.terraform.io/hashicorp/kubernetes\"]",
      "instances": [
        {
          "schema_version": 0,
          "attributes": {
            "binary_data": null,
            "data": {
              "value": "n7pog40deazFcF4ymKZ53z1M4fAICHuVoqZF2cgX"
            },
            "id": "external-dns/cloudflare-api-token",
            "immutable": false,
            "metadata": [
              {
                "annotations": {},
                "generate_name": "",
                "generation": 0,
                "labels": {},
                "name": "cloudflare-api-token",
                "namespace": "external-dns",
                "resource_version": "1706",
                "uid": "7c5f1f8f-5535-4f6f-91f8-0a6a75b72eca"
              }
            ],
            "type": "Opaque"
          },
          "sensitive_attributes": [
            [
              {
                "type": "get_attr",
                "value": "data"
              },
              {
                "type": "index",
                "value": {
                  "value": "value",
                  "type": "string"
                }
              }
            ]
          ],
          "private": "bnVsbA==",
          "dependencies": [
            "cloudflare_api_token.external_dns",
            "data.cloudflare_api_token_permission_groups.all",
            "data.http.public_ipv4"
          ]
        }
      ]
    },
    {
      "mode": "managed",
      "type": "kubernetes_secret",
      "name": "terraform_secrets",
      "provider": "provider[\"registry.terraform.io/hashicorp/kubernetes\"]",
      "instances": [
        {
          "schema_version": 0,
          "attributes": {
            "binary_data": null,
            "data": {
              "credentials.tfrc.json": "{\n  \"credentials\": {\n    \"app.terraform.io\": {\n      \"token\": \"q0oUr3wv19SWzA.atlasv1.ETCLKYIIzA8isWorNASVzEgSSYwD9j9ixGstzdJGD66MH5reBr0PwahtorBgUM8SYPU\"\n    }\n  }\n}",
              "terraform.tfvars": "cloudflare_email = \"peter@infratron.io\"\ncloudflare_api_key = \"d3970e4b4b2ca364896b5931b6fa6ed7aface\"\ncloudflare_account_id = \"bade361765d704ba91e29296a025e4e3\"\nb2_application_key_id = \"00042ed5f32e4130000000001\"\nb2_application_key = \"K0009fNmtOqrgS74YygE24WIby9EneU\"\n"
            },
            "id": "tekton-pipelines/terraform-secrets",
            "immutable": false,
            "metadata": [
              {
                "annotations": {},
                "generate_name": "",
                "generation": 0,
                "labels": {},
                "name": "terraform-secrets",
                "namespace": "tekton-pipelines",
                "resource_version": "1704",
                "uid": "133afe32-6b1e-4c2d-99d7-5f0adde382f7"
              }
            ],
            "type": "Opaque"
          },
          "sensitive_attributes": [],
          "private": "bnVsbA=="
        }
      ]
    },
    {
      "mode": "managed",
      "type": "random_password",
      "name": "backup_repo_password",
      "provider": "provider[\"registry.terraform.io/hashicorp/random\"]",
      "instances": [
        {
          "schema_version": 0,
          "attributes": {
            "id": "none",
            "keepers": null,
            "length": 64,
            "lower": true,
            "min_lower": 0,
            "min_numeric": 0,
            "min_special": 0,
            "min_upper": 0,
            "number": true,
            "override_special": null,
            "result": "rATN4QEZjlNeXoj65ywc9aI1MxO9zqg7ZYaM5Tr9fWiB3y8KpnMpae9guS5zZtOZ",
            "special": false,
            "upper": true
          },
          "sensitive_attributes": [],
          "private": "bnVsbA=="
        }
      ]
    },
    {
      "mode": "managed",
      "type": "random_password",
      "name": "tunnel_secret",
      "provider": "provider[\"registry.terraform.io/hashicorp/random\"]",
      "instances": [
        {
          "schema_version": 0,
          "attributes": {
            "id": "none",
            "keepers": null,
            "length": 64,
            "lower": true,
            "min_lower": 0,
            "min_numeric": 0,
            "min_special": 0,
            "min_upper": 0,
            "number": true,
            "override_special": null,
            "result": "vvcFTUmi2SUkxFDJM6dKdp9u5oCZfMK4XxDnnBOJGF96hk8peobOwiiLxcWyOp2A",
            "special": false,
            "upper": true
          },
          "sensitive_attributes": [],
          "private": "bnVsbA=="
        }
      ]
    }
  ]
}
